{
  "nodes": {
    "doom-emacs": {
      "flake": false,
      "locked": {
        "lastModified": 1669937766,
        "narHash": "sha256-7AzL08qo5WLeJo10lnF2b7g6FdWnExVYS8yipNyAMMM=",
        "owner": "doomemacs",
        "repo": "doomemacs",
        "rev": "d5ccac5d71c819035fa251f01d023b3f94b4fba4",
        "type": "github"
      },
      "original": {
        "owner": "doomemacs",
        "ref": "master",
        "repo": "doomemacs",
        "type": "github"
      }
    },
    "flake-compat": {
      "flake": false,
      "locked": {
        "lastModified": 1668681692,
        "narHash": "sha256-Ht91NGdewz8IQLtWZ9LCeNXMSXHUss+9COoqu6JLmXU=",
        "owner": "edolstra",
        "repo": "flake-compat",
        "rev": "009399224d5e398d03b22badca40a37ac85412a1",
        "type": "github"
      },
      "original": {
        "owner": "edolstra",
        "repo": "flake-compat",
        "type": "github"
      }
    },
    "nixpkgs": {
      "locked": {
        "lastModified": 1671877799,
        "narHash": "sha256-jjC0NtPOT4huSwyichdrKHVCjuGr1al7Wu6PcHo5XZs=",
        "owner": "NixOS",
        "repo": "nixpkgs",
        "rev": "8351f271f85dae1ee28269028acde661e60394dd",
        "type": "github"
      },
      "original": {
        "owner": "NixOS",
        "ref": "nixpkgs-unstable",
        "repo": "nixpkgs",
        "type": "github"
      }
    },
    "root": {
      "inputs": {
        "doom-emacs": "doom-emacs",
        "flake-compat": "flake-compat",
        "nixpkgs": "nixpkgs",
        "zsh-autosuggestions": "zsh-autosuggestions"
      }
    },
    "zsh-autosuggestions": {
      "flake": false,
      "locked": {
        "lastModified": 1622844304,
        "narHash": "sha256-KLUYpUu4DHRumQZ3w59m9aTW6TBKMCXl2UcKi4uMd7w=",
        "owner": "zsh-users",
        "repo": "zsh-autosuggestions",
        "rev": "a411ef3e0992d4839f0732ebeb9823024afaaaa8",
        "type": "github"
      },
      "original": {
        "owner": "zsh-users",
        "ref": "master",
        "repo": "zsh-autosuggestions",
        "type": "github"
      }
    }
  },
  "root": "root",
  "version": 7
}
